// !$*UTF8*$!
{
	archiveVersion = 1;
	classes = {
	};
	objectVersion = 50;
	objects = {

/* Begin PBXBuildFile section */
		7060B0DE24743119000DCE40 /* AppDelegate.swift in Sources */ = {isa = PBXBuildFile; fileRef = 7060B0DD24743119000DCE40 /* AppDelegate.swift */; };
		7060B0E024743119000DCE40 /* SceneDelegate.swift in Sources */ = {isa = PBXBuildFile; fileRef = 7060B0DF24743119000DCE40 /* SceneDelegate.swift */; };
		7060B0E224743119000DCE40 /* ContentView.swift in Sources */ = {isa = PBXBuildFile; fileRef = 7060B0E124743119000DCE40 /* ContentView.swift */; };
		7060B0E42474311D000DCE40 /* Assets.xcassets in Resources */ = {isa = PBXBuildFile; fileRef = 7060B0E32474311D000DCE40 /* Assets.xcassets */; };
		7060B0E72474311D000DCE40 /* Preview Assets.xcassets in Resources */ = {isa = PBXBuildFile; fileRef = 7060B0E62474311D000DCE40 /* Preview Assets.xcassets */; };
		7060B0EA2474311D000DCE40 /* LaunchScreen.storyboard in Resources */ = {isa = PBXBuildFile; fileRef = 7060B0E82474311D000DCE40 /* LaunchScreen.storyboard */; };
		7060B0F424743A40000DCE40 /* PostCell.swift in Sources */ = {isa = PBXBuildFile; fileRef = 7060B0F324743A40000DCE40 /* PostCell.swift */; };
		7060B149247A3061000DCE40 /* 8697cf1ely8gashxj3b09j20u00u040v.jpg in Resources */ = {isa = PBXBuildFile; fileRef = 7060B0F6247A3060000DCE40 /* 8697cf1ely8gashxj3b09j20u00u040v.jpg */; };
		7060B14A247A3061000DCE40 /* d0c21786ly1gavj2c0kcej20c8096dh7.jpg in Resources */ = {isa = PBXBuildFile; fileRef = 7060B0F7247A3060000DCE40 /* d0c21786ly1gavj2c0kcej20c8096dh7.jpg */; };
		7060B14B247A3061000DCE40 /* 6ec3b446jw1e8qgp5bmzyj2050050aa8.jpg in Resources */ = {isa = PBXBuildFile; fileRef = 7060B0F8247A3060000DCE40 /* 6ec3b446jw1e8qgp5bmzyj2050050aa8.jpg */; };
		7060B14C247A3061000DCE40 /* 8a0b5544jw1e8qgp5bmzyj2050050aa8.jpg in Resources */ = {isa = PBXBuildFile; fileRef = 7060B0F9247A3060000DCE40 /* 8a0b5544jw1e8qgp5bmzyj2050050aa8.jpg */; };
		7060B14D247A3061000DCE40 /* bca7fdafly1gax1gqdg6qj20c80avdgl.jpg in Resources */ = {isa = PBXBuildFile; fileRef = 7060B0FA247A3060000DCE40 /* bca7fdafly1gax1gqdg6qj20c80avdgl.jpg */; };
		7060B14E247A3061000DCE40 /* 9dc7402fjw1e8qgp5bmzyj2050050aa8.jpg in Resources */ = {isa = PBXBuildFile; fileRef = 7060B0FB247A3060000DCE40 /* 9dc7402fjw1e8qgp5bmzyj2050050aa8.jpg */; };
		7060B14F247A3061000DCE40 /* eb5c94aegy1gav25n5ibjj20zk1h8wuu.jpg in Resources */ = {isa = PBXBuildFile; fileRef = 7060B0FC247A3060000DCE40 /* eb5c94aegy1gav25n5ibjj20zk1h8wuu.jpg */; };
		7060B150247A3061000DCE40 /* 006gWxMEly1gavap8dywoj30hs0bwq48.jpg in Resources */ = {isa = PBXBuildFile; fileRef = 7060B0FD247A3060000DCE40 /* 006gWxMEly1gavap8dywoj30hs0bwq48.jpg */; };
		7060B151247A3061000DCE40 /* 630584a6gy1gau54zl806j20m80etmzo.jpg in Resources */ = {isa = PBXBuildFile; fileRef = 7060B0FE247A3060000DCE40 /* 630584a6gy1gau54zl806j20m80etmzo.jpg */; };
		7060B152247A3061000DCE40 /* 9dc7402fgy1gavd38wwlrj20j60nyq6y.jpg in Resources */ = {isa = PBXBuildFile; fileRef = 7060B0FF247A3060000DCE40 /* 9dc7402fgy1gavd38wwlrj20j60nyq6y.jpg */; };
		7060B153247A3061000DCE40 /* 8a0b5544gy1gauy2flua6j20u00hitab.jpg in Resources */ = {isa = PBXBuildFile; fileRef = 7060B100247A3060000DCE40 /* 8a0b5544gy1gauy2flua6j20u00hitab.jpg */; };
		7060B154247A3061000DCE40 /* 7f9147a5ly1fzxlh4ovuej20e90fl4fo.jpg in Resources */ = {isa = PBXBuildFile; fileRef = 7060B101247A3060000DCE40 /* 7f9147a5ly1fzxlh4ovuej20e90fl4fo.jpg */; };
		7060B155247A3061000DCE40 /* 7f9147a5ly1fzxlgxgzpij20e90fltsj.jpg in Resources */ = {isa = PBXBuildFile; fileRef = 7060B102247A3060000DCE40 /* 7f9147a5ly1fzxlgxgzpij20e90fltsj.jpg */; };
		7060B156247A3061000DCE40 /* 76297935ly1gatz8obqvkj22c0340npe.jpg in Resources */ = {isa = PBXBuildFile; fileRef = 7060B103247A3060000DCE40 /* 76297935ly1gatz8obqvkj22c0340npe.jpg */; };
		7060B157247A3061000DCE40 /* d0c21786ly8fsax1ftiifj20ro0ro43g.jpg in Resources */ = {isa = PBXBuildFile; fileRef = 7060B104247A3060000DCE40 /* d0c21786ly8fsax1ftiifj20ro0ro43g.jpg */; };
		7060B158247A3061000DCE40 /* 9dc7402fgy1gavd38kqjtj20j60nyn1d.jpg in Resources */ = {isa = PBXBuildFile; fileRef = 7060B105247A3060000DCE40 /* 9dc7402fgy1gavd38kqjtj20j60nyn1d.jpg */; };
		7060B159247A3061000DCE40 /* 6a2afec3gy1gaulykcejqj20t5145wns.jpg in Resources */ = {isa = PBXBuildFile; fileRef = 7060B106247A3060000DCE40 /* 6a2afec3gy1gaulykcejqj20t5145wns.jpg */; };
		7060B15A247A3061000DCE40 /* 4e7f0c83gy1gam2mp0x4pj22tc240u0x.jpg in Resources */ = {isa = PBXBuildFile; fileRef = 7060B107247A3060000DCE40 /* 4e7f0c83gy1gam2mp0x4pj22tc240u0x.jpg */; };
		7060B15B247A3061000DCE40 /* c5aa834fgy1gauzrb7s5ej20tz13qh5x.jpg in Resources */ = {isa = PBXBuildFile; fileRef = 7060B108247A3060000DCE40 /* c5aa834fgy1gauzrb7s5ej20tz13qh5x.jpg */; };
		7060B15C247A3061000DCE40 /* 700a34f6gy1gaunswxtlrj20j60pkgok.jpg in Resources */ = {isa = PBXBuildFile; fileRef = 7060B109247A3060000DCE40 /* 700a34f6gy1gaunswxtlrj20j60pkgok.jpg */; };
		7060B15D247A3061000DCE40 /* 8a0b5544gy1gauy2ex786j20u0129aed.jpg in Resources */ = {isa = PBXBuildFile; fileRef = 7060B10A247A3060000DCE40 /* 8a0b5544gy1gauy2ex786j20u0129aed.jpg */; };
		7060B15E247A3061000DCE40 /* 76297935ly1gatz89dzblj23402c0qv6.jpg in Resources */ = {isa = PBXBuildFile; fileRef = 7060B10B247A3060000DCE40 /* 76297935ly1gatz89dzblj23402c0qv6.jpg */; };
		7060B15F247A3061000DCE40 /* 700a34f6gy1gaunswy5qnj20j60pkadk.jpg in Resources */ = {isa = PBXBuildFile; fileRef = 7060B10C247A3060000DCE40 /* 700a34f6gy1gaunswy5qnj20j60pkadk.jpg */; };
		7060B160247A3061000DCE40 /* bca7fdafgw1ekhkps65b1j2050050dg4.jpg in Resources */ = {isa = PBXBuildFile; fileRef = 7060B10D247A3060000DCE40 /* bca7fdafgw1ekhkps65b1j2050050dg4.jpg */; };
		7060B161247A3061000DCE40 /* PostListData_recommend_1.json in Resources */ = {isa = PBXBuildFile; fileRef = 7060B10E247A3060000DCE40 /* PostListData_recommend_1.json */; };
		7060B162247A3061000DCE40 /* 006gWxMEly8g0bjpl3ynij30kv0kv773.jpg in Resources */ = {isa = PBXBuildFile; fileRef = 7060B10F247A3060000DCE40 /* 006gWxMEly8g0bjpl3ynij30kv0kv773.jpg */; };
		7060B163247A3061000DCE40 /* 6ec3b446gy1gavd51jc4lj20j60pmwhl.jpg in Resources */ = {isa = PBXBuildFile; fileRef = 7060B110247A3060000DCE40 /* 6ec3b446gy1gavd51jc4lj20j60pmwhl.jpg */; };
		7060B164247A3061000DCE40 /* 006gWxMEly1gavap88gttj30hs0a0dgf.jpg in Resources */ = {isa = PBXBuildFile; fileRef = 7060B111247A3060000DCE40 /* 006gWxMEly1gavap88gttj30hs0a0dgf.jpg */; };
		7060B165247A3061000DCE40 /* 4e7f0c83gy1gam2ml6nucj22tc240kjl.jpg in Resources */ = {isa = PBXBuildFile; fileRef = 7060B112247A3060000DCE40 /* 4e7f0c83gy1gam2ml6nucj22tc240kjl.jpg */; };
		7060B166247A3061000DCE40 /* 4e7f0c83gy1gam2misv31j21hc0u016k.jpg in Resources */ = {isa = PBXBuildFile; fileRef = 7060B113247A3060000DCE40 /* 4e7f0c83gy1gam2misv31j21hc0u016k.jpg */; };
		7060B167247A3061000DCE40 /* 8a0b5544gy1gauy2gmkg9j20u00gegnp.jpg in Resources */ = {isa = PBXBuildFile; fileRef = 7060B114247A3060000DCE40 /* 8a0b5544gy1gauy2gmkg9j20u00gegnp.jpg */; };
		7060B168247A3061000DCE40 /* 006gWxMEly1gavap8vsqaj30hs0bwgm6.jpg in Resources */ = {isa = PBXBuildFile; fileRef = 7060B115247A3060000DCE40 /* 006gWxMEly1gavap8vsqaj30hs0bwgm6.jpg */; };
		7060B169247A3061000DCE40 /* 648ed25bjw8est9nqrtnij20500503yr.jpg in Resources */ = {isa = PBXBuildFile; fileRef = 7060B116247A3060000DCE40 /* 648ed25bjw8est9nqrtnij20500503yr.jpg */; };
		7060B16A247A3061000DCE40 /* eb5c94aegy1gav25ox6dvj20u00k1go9.jpg in Resources */ = {isa = PBXBuildFile; fileRef = 7060B117247A3060000DCE40 /* eb5c94aegy1gav25ox6dvj20u00k1go9.jpg */; };
		7060B16B247A3061000DCE40 /* 8a0b5544gy1gauy2g35yoj20u00fomzf.jpg in Resources */ = {isa = PBXBuildFile; fileRef = 7060B118247A3060000DCE40 /* 8a0b5544gy1gauy2g35yoj20u00fomzf.jpg */; };
		7060B16C247A3061000DCE40 /* 006PdkDoly8ffywe2fq39j304g04gwed.jpg in Resources */ = {isa = PBXBuildFile; fileRef = 7060B119247A3060000DCE40 /* 006PdkDoly8ffywe2fq39j304g04gwed.jpg */; };
		7060B16D247A3061000DCE40 /* 700a34f6gy1gaunsxgzixj20j60edmz8.jpg in Resources */ = {isa = PBXBuildFile; fileRef = 7060B11A247A3060000DCE40 /* 700a34f6gy1gaunsxgzixj20j60edmz8.jpg */; };
		7060B16E247A3061000DCE40 /* bca7fdafly1gax1gqdnboj20c80atmxp.jpg in Resources */ = {isa = PBXBuildFile; fileRef = 7060B11B247A3060000DCE40 /* bca7fdafly1gax1gqdnboj20c80atmxp.jpg */; };
		7060B16F247A3061000DCE40 /* c5aa834fgy1gauzr6venkj20u01hc12f.jpg in Resources */ = {isa = PBXBuildFile; fileRef = 7060B11C247A3060000DCE40 /* c5aa834fgy1gauzr6venkj20u01hc12f.jpg */; };
		7060B170247A3061000DCE40 /* 7f9147a5ly1fzxlh6hzdnj20e90fl7me.jpg in Resources */ = {isa = PBXBuildFile; fileRef = 7060B11D247A3060000DCE40 /* 7f9147a5ly1fzxlh6hzdnj20e90fl7me.jpg */; };
		7060B171247A3061000DCE40 /* 630584a6gy1gau54zm4dtj20m80dftbv.jpg in Resources */ = {isa = PBXBuildFile; fileRef = 7060B11E247A3060000DCE40 /* 630584a6gy1gau54zm4dtj20m80dftbv.jpg */; };
		7060B172247A3061000DCE40 /* c5aa834fgy1gauzr86bp5j20pb0w47in.jpg in Resources */ = {isa = PBXBuildFile; fileRef = 7060B11F247A3060000DCE40 /* c5aa834fgy1gauzr86bp5j20pb0w47in.jpg */; };
		7060B173247A3061000DCE40 /* 9dc7402fgy1gavd39ba15j20j60nywii.jpg in Resources */ = {isa = PBXBuildFile; fileRef = 7060B120247A3060000DCE40 /* 9dc7402fgy1gavd39ba15j20j60nywii.jpg */; };
		7060B174247A3061000DCE40 /* bca7fdafly1gax1gqfgsjj20c80axaay.jpg in Resources */ = {isa = PBXBuildFile; fileRef = 7060B121247A3060000DCE40 /* bca7fdafly1gax1gqfgsjj20c80axaay.jpg */; };
		7060B175247A3061000DCE40 /* c5aa834fly8g97m8ix9lcj20re0regnk.jpg in Resources */ = {isa = PBXBuildFile; fileRef = 7060B122247A3060000DCE40 /* c5aa834fly8g97m8ix9lcj20re0regnk.jpg */; };
		7060B176247A3061000DCE40 /* 700a34f6ly8g9a29rjt92j20fn0iqdg8.jpg in Resources */ = {isa = PBXBuildFile; fileRef = 7060B123247A3060000DCE40 /* 700a34f6ly8g9a29rjt92j20fn0iqdg8.jpg */; };
		7060B177247A3061000DCE40 /* d0c21786ly1gavj2cdrkyj20c80720tg.jpg in Resources */ = {isa = PBXBuildFile; fileRef = 7060B124247A3060000DCE40 /* d0c21786ly1gavj2cdrkyj20c80720tg.jpg */; };
		7060B178247A3061000DCE40 /* bca7fdafly1gax1gqehdaj20c80atq3x.jpg in Resources */ = {isa = PBXBuildFile; fileRef = 7060B125247A3060000DCE40 /* bca7fdafly1gax1gqehdaj20c80atq3x.jpg */; };
		7060B179247A3061000DCE40 /* d0c21786ly1gavj2d17d9j20c808zq3r.jpg in Resources */ = {isa = PBXBuildFile; fileRef = 7060B126247A3060000DCE40 /* d0c21786ly1gavj2d17d9j20c808zq3r.jpg */; };
		7060B17A247A3061000DCE40 /* 8a0b5544gy1gauy2gz000j20u00n6wgj.jpg in Resources */ = {isa = PBXBuildFile; fileRef = 7060B127247A3060000DCE40 /* 8a0b5544gy1gauy2gz000j20u00n6wgj.jpg */; };
		7060B17B247A3061000DCE40 /* 006PdkDogy1gap6ngj12ej30u011itf7.jpg in Resources */ = {isa = PBXBuildFile; fileRef = 7060B128247A3060000DCE40 /* 006PdkDogy1gap6ngj12ej30u011itf7.jpg */; };
		7060B17C247A3061000DCE40 /* 700a34f6gy1gaunsx2jywj20j60pkaeu.jpg in Resources */ = {isa = PBXBuildFile; fileRef = 7060B129247A3060000DCE40 /* 700a34f6gy1gaunsx2jywj20j60pkaeu.jpg */; };
		7060B17D247A3061000DCE40 /* 4e7f0c83gy1gam2mr1b81j22tc2407wi.jpg in Resources */ = {isa = PBXBuildFile; fileRef = 7060B12A247A3060000DCE40 /* 4e7f0c83gy1gam2mr1b81j22tc2407wi.jpg */; };
		7060B17E247A3061000DCE40 /* 6a2afec3jw8fb4ld0qf2gj20e80dsdfz.jpg in Resources */ = {isa = PBXBuildFile; fileRef = 7060B12B247A3060000DCE40 /* 6a2afec3jw8fb4ld0qf2gj20e80dsdfz.jpg */; };
		7060B17F247A3061000DCE40 /* bca7fdafly1gax1gqd9vmj20c80ayaam.jpg in Resources */ = {isa = PBXBuildFile; fileRef = 7060B12C247A3060000DCE40 /* bca7fdafly1gax1gqd9vmj20c80ayaam.jpg */; };
		7060B180247A3061000DCE40 /* 8a0b5544gy1gauy2hcozsj20u01czdiy.jpg in Resources */ = {isa = PBXBuildFile; fileRef = 7060B12D247A3060000DCE40 /* 8a0b5544gy1gauy2hcozsj20u01czdiy.jpg */; };
		7060B181247A3061000DCE40 /* c5aa834fgy1gauzr95r6fj20tw0l3dq4.jpg in Resources */ = {isa = PBXBuildFile; fileRef = 7060B12E247A3060000DCE40 /* c5aa834fgy1gauzr95r6fj20tw0l3dq4.jpg */; };
		7060B182247A3061000DCE40 /* 006PdkDogy1gap6ngiyn3j30u011idle.jpg in Resources */ = {isa = PBXBuildFile; fileRef = 7060B12F247A3060000DCE40 /* 006PdkDogy1gap6ngiyn3j30u011idle.jpg */; };
		7060B183247A3061000DCE40 /* d0c21786ly1gavj2btv6tj20c80790tg.jpg in Resources */ = {isa = PBXBuildFile; fileRef = 7060B130247A3060000DCE40 /* d0c21786ly1gavj2btv6tj20c80790tg.jpg */; };
		7060B184247A3061000DCE40 /* PostListData_hot_1.json in Resources */ = {isa = PBXBuildFile; fileRef = 7060B131247A3060000DCE40 /* PostListData_hot_1.json */; };
		7060B185247A3061000DCE40 /* eb5c94aely8fmvumnl9baj20v90v9q49.jpg in Resources */ = {isa = PBXBuildFile; fileRef = 7060B132247A3060000DCE40 /* eb5c94aely8fmvumnl9baj20v90v9q49.jpg */; };
		7060B186247A3061000DCE40 /* 630584a6ly8fqs5wwkkmrj20ku0kuta7.jpg in Resources */ = {isa = PBXBuildFile; fileRef = 7060B133247A3060000DCE40 /* 630584a6ly8fqs5wwkkmrj20ku0kuta7.jpg */; };
		7060B187247A3061000DCE40 /* d0c21786ly1gavj2cowp9j20c8083ab4.jpg in Resources */ = {isa = PBXBuildFile; fileRef = 7060B134247A3060000DCE40 /* d0c21786ly1gavj2cowp9j20c8083ab4.jpg */; };
		7060B188247A3061000DCE40 /* 9dc7402fgy1gavd367p0pj20j60nywic.jpg in Resources */ = {isa = PBXBuildFile; fileRef = 7060B135247A3060000DCE40 /* 9dc7402fgy1gavd367p0pj20j60nywic.jpg */; };
		7060B189247A3061000DCE40 /* 006gWxMEly1gavap86qr9j30ht0qo40t.jpg in Resources */ = {isa = PBXBuildFile; fileRef = 7060B136247A3060000DCE40 /* 006gWxMEly1gavap86qr9j30ht0qo40t.jpg */; };
		7060B18A247A3061000DCE40 /* 76297935ly1gatz8k5itij22c02c01ky.jpg in Resources */ = {isa = PBXBuildFile; fileRef = 7060B137247A3060000DCE40 /* 76297935ly1gatz8k5itij22c02c01ky.jpg */; };
		7060B18B247A3061000DCE40 /* 76297935ly1gatz8g5rvxj22c03401kz.jpg in Resources */ = {isa = PBXBuildFile; fileRef = 7060B138247A3060000DCE40 /* 76297935ly1gatz8g5rvxj22c03401kz.jpg */; };
		7060B18C247A3061000DCE40 /* 700a34f6gy1gaunsxhp4pj20j60pkn1k.jpg in Resources */ = {isa = PBXBuildFile; fileRef = 7060B139247A3060000DCE40 /* 700a34f6gy1gaunsxhp4pj20j60pkn1k.jpg */; };
		7060B18D247A3061000DCE40 /* eb5c94aegy1gav2509cp5j20zk0k0n2j.jpg in Resources */ = {isa = PBXBuildFile; fileRef = 7060B13A247A3060000DCE40 /* eb5c94aegy1gav2509cp5j20zk0k0n2j.jpg */; };
		7060B18E247A3061000DCE40 /* 4e7f0c83gy1gam2mn58d3j22tc240qv5.jpg in Resources */ = {isa = PBXBuildFile; fileRef = 7060B13B247A3060000DCE40 /* 4e7f0c83gy1gam2mn58d3j22tc240qv5.jpg */; };
		7060B18F247A3061000DCE40 /* eb5c94aegy1gav26fycwlj20zk1h8drh.jpg in Resources */ = {isa = PBXBuildFile; fileRef = 7060B13C247A3060000DCE40 /* eb5c94aegy1gav26fycwlj20zk1h8drh.jpg */; };
		7060B190247A3061000DCE40 /* 630584a6gy1gau54zyj61j20m80etn07.jpg in Resources */ = {isa = PBXBuildFile; fileRef = 7060B13D247A3060000DCE40 /* 630584a6gy1gau54zyj61j20m80etn07.jpg */; };
		7060B191247A3061000DCE40 /* c5aa834fgy1gauzr8ok78j20tz12fk8w.jpg in Resources */ = {isa = PBXBuildFile; fileRef = 7060B13E247A3061000DCE40 /* c5aa834fgy1gauzr8ok78j20tz12fk8w.jpg */; };
		7060B192247A3061000DCE40 /* 76297935ly8g4phfkq68hj20u00u0mzt.jpg in Resources */ = {isa = PBXBuildFile; fileRef = 7060B13F247A3061000DCE40 /* 76297935ly8g4phfkq68hj20u00u0mzt.jpg */; };
		7060B193247A3061000DCE40 /* 9dc7402fgy1gavd37l9nwj20j60ny44q.jpg in Resources */ = {isa = PBXBuildFile; fileRef = 7060B140247A3061000DCE40 /* 9dc7402fgy1gavd37l9nwj20j60ny44q.jpg */; };
		7060B194247A3061000DCE40 /* 700a34f6gy1gaunswwui7j20j60pl78e.jpg in Resources */ = {isa = PBXBuildFile; fileRef = 7060B141247A3061000DCE40 /* 700a34f6gy1gaunswwui7j20j60pl78e.jpg */; };
		7060B195247A3061000DCE40 /* 630584a6gy1gau54zgaxhj20m80et0vq.jpg in Resources */ = {isa = PBXBuildFile; fileRef = 7060B142247A3061000DCE40 /* 630584a6gy1gau54zgaxhj20m80et0vq.jpg */; };
		7060B196247A3061000DCE40 /* 4e7f0c83gy1gam2mjhk8zj21hc0v6wnx.jpg in Resources */ = {isa = PBXBuildFile; fileRef = 7060B143247A3061000DCE40 /* 4e7f0c83gy1gam2mjhk8zj21hc0v6wnx.jpg */; };
		7060B197247A3061000DCE40 /* 6ec3b446gy1gavd4xud8lj20j60qkwj0.jpg in Resources */ = {isa = PBXBuildFile; fileRef = 7060B144247A3061000DCE40 /* 6ec3b446gy1gavd4xud8lj20j60qkwj0.jpg */; };
		7060B198247A3061000DCE40 /* 4e7f0c83ly8g1ho507078j20ro0rojtq.jpg in Resources */ = {isa = PBXBuildFile; fileRef = 7060B145247A3061000DCE40 /* 4e7f0c83ly8g1ho507078j20ro0rojtq.jpg */; };
		7060B199247A3061000DCE40 /* bca7fdafly1gax1gqdhouj20c80axaam.jpg in Resources */ = {isa = PBXBuildFile; fileRef = 7060B146247A3061000DCE40 /* bca7fdafly1gax1gqdhouj20c80axaam.jpg */; };
		7060B19A247A3061000DCE40 /* 6ec3b446gy1gavd523embj20j60pytd6.jpg in Resources */ = {isa = PBXBuildFile; fileRef = 7060B147247A3061000DCE40 /* 6ec3b446gy1gavd523embj20j60pytd6.jpg */; };
		7060B19B247A3061000DCE40 /* 005tnxzUly8gab4i2r73xj30u00u0js8.jpg in Resources */ = {isa = PBXBuildFile; fileRef = 7060B148247A3061000DCE40 /* 005tnxzUly8gab4i2r73xj30u00u0js8.jpg */; };
		7060B19D247A3DAA000DCE40 /* PostVIPBadge.swift in Sources */ = {isa = PBXBuildFile; fileRef = 7060B19C247A3DAA000DCE40 /* PostVIPBadge.swift */; };
		7060B19F247A6182000DCE40 /* Post.swift in Sources */ = {isa = PBXBuildFile; fileRef = 7060B19E247A6182000DCE40 /* Post.swift */; };
		7060B1A1247A8F38000DCE40 /* PostCellToolBarButtom.swift in Sources */ = {isa = PBXBuildFile; fileRef = 7060B1A0247A8F38000DCE40 /* PostCellToolBarButtom.swift */; };
		7060B1A3247AAE15000DCE40 /* PostListView.swift in Sources */ = {isa = PBXBuildFile; fileRef = 7060B1A2247AAE15000DCE40 /* PostListView.swift */; };
		7060B1A5247D63A3000DCE40 /* PostImageCell.swift in Sources */ = {isa = PBXBuildFile; fileRef = 7060B1A4247D63A3000DCE40 /* PostImageCell.swift */; };
		7079EAAF248012DF0039A451 /* HomeView.swift in Sources */ = {isa = PBXBuildFile; fileRef = 7079EAAE248012DF0039A451 /* HomeView.swift */; };
		7079EAB12480168C0039A451 /* UserData.swift in Sources */ = {isa = PBXBuildFile; fileRef = 7079EAB02480168C0039A451 /* UserData.swift */; };
		7079EAB32483BDCA0039A451 /* HScrollViewController.swift in Sources */ = {isa = PBXBuildFile; fileRef = 7079EAB22483BDCA0039A451 /* HScrollViewController.swift */; };
		7079EAB5248C9F1C0039A451 /* CommentInputView.swift in Sources */ = {isa = PBXBuildFile; fileRef = 7079EAB4248C9F1C0039A451 /* CommentInputView.swift */; };
		7079EAB7248CB01C0039A451 /* CommentTextView.swift in Sources */ = {isa = PBXBuildFile; fileRef = 7079EAB6248CB01C0039A451 /* CommentTextView.swift */; };
		7079EABB248CB68B0039A451 /* KeyboardResponder.swift in Sources */ = {isa = PBXBuildFile; fileRef = 7079EABA248CB68B0039A451 /* KeyboardResponder.swift */; };
		707CB466247D78460069035C /* PostDetailView.swift in Sources */ = {isa = PBXBuildFile; fileRef = 707CB465247D78460069035C /* PostDetailView.swift */; };
		707CB468247EC73A0069035C /* HomeNavigationBar.swift in Sources */ = {isa = PBXBuildFile; fileRef = 707CB467247EC73A0069035C /* HomeNavigationBar.swift */; };
/* End PBXBuildFile section */

/* Begin PBXFileReference section */
		7060B0DA24743119000DCE40 /* weiboDemo.app */ = {isa = PBXFileReference; explicitFileType = wrapper.application; includeInIndex = 0; path = weiboDemo.app; sourceTree = BUILT_PRODUCTS_DIR; };
		7060B0DD24743119000DCE40 /* AppDelegate.swift */ = {isa = PBXFileReference; lastKnownFileType = sourcecode.swift; path = AppDelegate.swift; sourceTree = "<group>"; };
		7060B0DF24743119000DCE40 /* SceneDelegate.swift */ = {isa = PBXFileReference; lastKnownFileType = sourcecode.swift; path = SceneDelegate.swift; sourceTree = "<group>"; };
		7060B0E124743119000DCE40 /* ContentView.swift */ = {isa = PBXFileReference; lastKnownFileType = sourcecode.swift; path = ContentView.swift; sourceTree = "<group>"; };
		7060B0E32474311D000DCE40 /* Assets.xcassets */ = {isa = PBXFileReference; lastKnownFileType = folder.assetcatalog; path = Assets.xcassets; sourceTree = "<group>"; };
		7060B0E62474311D000DCE40 /* Preview Assets.xcassets */ = {isa = PBXFileReference; lastKnownFileType = folder.assetcatalog; path = "Preview Assets.xcassets"; sourceTree = "<group>"; };
		7060B0E92474311D000DCE40 /* Base */ = {isa = PBXFileReference; lastKnownFileType = file.storyboard; name = Base; path = Base.lproj/LaunchScreen.storyboard; sourceTree = "<group>"; };
		7060B0EB2474311D000DCE40 /* Info.plist */ = {isa = PBXFileReference; lastKnownFileType = text.plist.xml; path = Info.plist; sourceTree = "<group>"; };
		7060B0F324743A40000DCE40 /* PostCell.swift */ = {isa = PBXFileReference; lastKnownFileType = sourcecode.swift; path = PostCell.swift; sourceTree = "<group>"; };
		7060B0F6247A3060000DCE40 /* 8697cf1ely8gashxj3b09j20u00u040v.jpg */ = {isa = PBXFileReference; lastKnownFileType = image.jpeg; path = 8697cf1ely8gashxj3b09j20u00u040v.jpg; sourceTree = "<group>"; };
		7060B0F7247A3060000DCE40 /* d0c21786ly1gavj2c0kcej20c8096dh7.jpg */ = {isa = PBXFileReference; lastKnownFileType = image.jpeg; path = d0c21786ly1gavj2c0kcej20c8096dh7.jpg; sourceTree = "<group>"; };
		7060B0F8247A3060000DCE40 /* 6ec3b446jw1e8qgp5bmzyj2050050aa8.jpg */ = {isa = PBXFileReference; lastKnownFileType = image.jpeg; path = 6ec3b446jw1e8qgp5bmzyj2050050aa8.jpg; sourceTree = "<group>"; };
		7060B0F9247A3060000DCE40 /* 8a0b5544jw1e8qgp5bmzyj2050050aa8.jpg */ = {isa = PBXFileReference; lastKnownFileType = image.jpeg; path = 8a0b5544jw1e8qgp5bmzyj2050050aa8.jpg; sourceTree = "<group>"; };
		7060B0FA247A3060000DCE40 /* bca7fdafly1gax1gqdg6qj20c80avdgl.jpg */ = {isa = PBXFileReference; lastKnownFileType = image.jpeg; path = bca7fdafly1gax1gqdg6qj20c80avdgl.jpg; sourceTree = "<group>"; };
		7060B0FB247A3060000DCE40 /* 9dc7402fjw1e8qgp5bmzyj2050050aa8.jpg */ = {isa = PBXFileReference; lastKnownFileType = image.jpeg; path = 9dc7402fjw1e8qgp5bmzyj2050050aa8.jpg; sourceTree = "<group>"; };
		7060B0FC247A3060000DCE40 /* eb5c94aegy1gav25n5ibjj20zk1h8wuu.jpg */ = {isa = PBXFileReference; lastKnownFileType = image.jpeg; path = eb5c94aegy1gav25n5ibjj20zk1h8wuu.jpg; sourceTree = "<group>"; };
		7060B0FD247A3060000DCE40 /* 006gWxMEly1gavap8dywoj30hs0bwq48.jpg */ = {isa = PBXFileReference; lastKnownFileType = image.jpeg; path = 006gWxMEly1gavap8dywoj30hs0bwq48.jpg; sourceTree = "<group>"; };
		7060B0FE247A3060000DCE40 /* 630584a6gy1gau54zl806j20m80etmzo.jpg */ = {isa = PBXFileReference; lastKnownFileType = image.jpeg; path = 630584a6gy1gau54zl806j20m80etmzo.jpg; sourceTree = "<group>"; };
		7060B0FF247A3060000DCE40 /* 9dc7402fgy1gavd38wwlrj20j60nyq6y.jpg */ = {isa = PBXFileReference; lastKnownFileType = image.jpeg; path = 9dc7402fgy1gavd38wwlrj20j60nyq6y.jpg; sourceTree = "<group>"; };
		7060B100247A3060000DCE40 /* 8a0b5544gy1gauy2flua6j20u00hitab.jpg */ = {isa = PBXFileReference; lastKnownFileType = image.jpeg; path = 8a0b5544gy1gauy2flua6j20u00hitab.jpg; sourceTree = "<group>"; };
		7060B101247A3060000DCE40 /* 7f9147a5ly1fzxlh4ovuej20e90fl4fo.jpg */ = {isa = PBXFileReference; lastKnownFileType = image.jpeg; path = 7f9147a5ly1fzxlh4ovuej20e90fl4fo.jpg; sourceTree = "<group>"; };
		7060B102247A3060000DCE40 /* 7f9147a5ly1fzxlgxgzpij20e90fltsj.jpg */ = {isa = PBXFileReference; lastKnownFileType = image.jpeg; path = 7f9147a5ly1fzxlgxgzpij20e90fltsj.jpg; sourceTree = "<group>"; };
		7060B103247A3060000DCE40 /* 76297935ly1gatz8obqvkj22c0340npe.jpg */ = {isa = PBXFileReference; lastKnownFileType = image.jpeg; path = 76297935ly1gatz8obqvkj22c0340npe.jpg; sourceTree = "<group>"; };
		7060B104247A3060000DCE40 /* d0c21786ly8fsax1ftiifj20ro0ro43g.jpg */ = {isa = PBXFileReference; lastKnownFileType = image.jpeg; path = d0c21786ly8fsax1ftiifj20ro0ro43g.jpg; sourceTree = "<group>"; };
		7060B105247A3060000DCE40 /* 9dc7402fgy1gavd38kqjtj20j60nyn1d.jpg */ = {isa = PBXFileReference; lastKnownFileType = image.jpeg; path = 9dc7402fgy1gavd38kqjtj20j60nyn1d.jpg; sourceTree = "<group>"; };
		7060B106247A3060000DCE40 /* 6a2afec3gy1gaulykcejqj20t5145wns.jpg */ = {isa = PBXFileReference; lastKnownFileType = image.jpeg; path = 6a2afec3gy1gaulykcejqj20t5145wns.jpg; sourceTree = "<group>"; };
		7060B107247A3060000DCE40 /* 4e7f0c83gy1gam2mp0x4pj22tc240u0x.jpg */ = {isa = PBXFileReference; lastKnownFileType = image.jpeg; path = 4e7f0c83gy1gam2mp0x4pj22tc240u0x.jpg; sourceTree = "<group>"; };
		7060B108247A3060000DCE40 /* c5aa834fgy1gauzrb7s5ej20tz13qh5x.jpg */ = {isa = PBXFileReference; lastKnownFileType = image.jpeg; path = c5aa834fgy1gauzrb7s5ej20tz13qh5x.jpg; sourceTree = "<group>"; };
		7060B109247A3060000DCE40 /* 700a34f6gy1gaunswxtlrj20j60pkgok.jpg */ = {isa = PBXFileReference; lastKnownFileType = image.jpeg; path = 700a34f6gy1gaunswxtlrj20j60pkgok.jpg; sourceTree = "<group>"; };
		7060B10A247A3060000DCE40 /* 8a0b5544gy1gauy2ex786j20u0129aed.jpg */ = {isa = PBXFileReference; lastKnownFileType = image.jpeg; path = 8a0b5544gy1gauy2ex786j20u0129aed.jpg; sourceTree = "<group>"; };
		7060B10B247A3060000DCE40 /* 76297935ly1gatz89dzblj23402c0qv6.jpg */ = {isa = PBXFileReference; lastKnownFileType = image.jpeg; path = 76297935ly1gatz89dzblj23402c0qv6.jpg; sourceTree = "<group>"; };
		7060B10C247A3060000DCE40 /* 700a34f6gy1gaunswy5qnj20j60pkadk.jpg */ = {isa = PBXFileReference; lastKnownFileType = image.jpeg; path = 700a34f6gy1gaunswy5qnj20j60pkadk.jpg; sourceTree = "<group>"; };
		7060B10D247A3060000DCE40 /* bca7fdafgw1ekhkps65b1j2050050dg4.jpg */ = {isa = PBXFileReference; lastKnownFileType = image.jpeg; path = bca7fdafgw1ekhkps65b1j2050050dg4.jpg; sourceTree = "<group>"; };
		7060B10E247A3060000DCE40 /* PostListData_recommend_1.json */ = {isa = PBXFileReference; fileEncoding = 4; lastKnownFileType = text.json; path = PostListData_recommend_1.json; sourceTree = "<group>"; };
		7060B10F247A3060000DCE40 /* 006gWxMEly8g0bjpl3ynij30kv0kv773.jpg */ = {isa = PBXFileReference; lastKnownFileType = image.jpeg; path = 006gWxMEly8g0bjpl3ynij30kv0kv773.jpg; sourceTree = "<group>"; };
		7060B110247A3060000DCE40 /* 6ec3b446gy1gavd51jc4lj20j60pmwhl.jpg */ = {isa = PBXFileReference; lastKnownFileType = image.jpeg; path = 6ec3b446gy1gavd51jc4lj20j60pmwhl.jpg; sourceTree = "<group>"; };
		7060B111247A3060000DCE40 /* 006gWxMEly1gavap88gttj30hs0a0dgf.jpg */ = {isa = PBXFileReference; lastKnownFileType = image.jpeg; path = 006gWxMEly1gavap88gttj30hs0a0dgf.jpg; sourceTree = "<group>"; };
		7060B112247A3060000DCE40 /* 4e7f0c83gy1gam2ml6nucj22tc240kjl.jpg */ = {isa = PBXFileReference; lastKnownFileType = image.jpeg; path = 4e7f0c83gy1gam2ml6nucj22tc240kjl.jpg; sourceTree = "<group>"; };
		7060B113247A3060000DCE40 /* 4e7f0c83gy1gam2misv31j21hc0u016k.jpg */ = {isa = PBXFileReference; lastKnownFileType = image.jpeg; path = 4e7f0c83gy1gam2misv31j21hc0u016k.jpg; sourceTree = "<group>"; };
		7060B114247A3060000DCE40 /* 8a0b5544gy1gauy2gmkg9j20u00gegnp.jpg */ = {isa = PBXFileReference; lastKnownFileType = image.jpeg; path = 8a0b5544gy1gauy2gmkg9j20u00gegnp.jpg; sourceTree = "<group>"; };
		7060B115247A3060000DCE40 /* 006gWxMEly1gavap8vsqaj30hs0bwgm6.jpg */ = {isa = PBXFileReference; lastKnownFileType = image.jpeg; path = 006gWxMEly1gavap8vsqaj30hs0bwgm6.jpg; sourceTree = "<group>"; };
		7060B116247A3060000DCE40 /* 648ed25bjw8est9nqrtnij20500503yr.jpg */ = {isa = PBXFileReference; lastKnownFileType = image.jpeg; path = 648ed25bjw8est9nqrtnij20500503yr.jpg; sourceTree = "<group>"; };
		7060B117247A3060000DCE40 /* eb5c94aegy1gav25ox6dvj20u00k1go9.jpg */ = {isa = PBXFileReference; lastKnownFileType = image.jpeg; path = eb5c94aegy1gav25ox6dvj20u00k1go9.jpg; sourceTree = "<group>"; };
		7060B118247A3060000DCE40 /* 8a0b5544gy1gauy2g35yoj20u00fomzf.jpg */ = {isa = PBXFileReference; lastKnownFileType = image.jpeg; path = 8a0b5544gy1gauy2g35yoj20u00fomzf.jpg; sourceTree = "<group>"; };
		7060B119247A3060000DCE40 /* 006PdkDoly8ffywe2fq39j304g04gwed.jpg */ = {isa = PBXFileReference; lastKnownFileType = image.jpeg; path = 006PdkDoly8ffywe2fq39j304g04gwed.jpg; sourceTree = "<group>"; };
		7060B11A247A3060000DCE40 /* 700a34f6gy1gaunsxgzixj20j60edmz8.jpg */ = {isa = PBXFileReference; lastKnownFileType = image.jpeg; path = 700a34f6gy1gaunsxgzixj20j60edmz8.jpg; sourceTree = "<group>"; };
		7060B11B247A3060000DCE40 /* bca7fdafly1gax1gqdnboj20c80atmxp.jpg */ = {isa = PBXFileReference; lastKnownFileType = image.jpeg; path = bca7fdafly1gax1gqdnboj20c80atmxp.jpg; sourceTree = "<group>"; };
		7060B11C247A3060000DCE40 /* c5aa834fgy1gauzr6venkj20u01hc12f.jpg */ = {isa = PBXFileReference; lastKnownFileType = image.jpeg; path = c5aa834fgy1gauzr6venkj20u01hc12f.jpg; sourceTree = "<group>"; };
		7060B11D247A3060000DCE40 /* 7f9147a5ly1fzxlh6hzdnj20e90fl7me.jpg */ = {isa = PBXFileReference; lastKnownFileType = image.jpeg; path = 7f9147a5ly1fzxlh6hzdnj20e90fl7me.jpg; sourceTree = "<group>"; };
		7060B11E247A3060000DCE40 /* 630584a6gy1gau54zm4dtj20m80dftbv.jpg */ = {isa = PBXFileReference; lastKnownFileType = image.jpeg; path = 630584a6gy1gau54zm4dtj20m80dftbv.jpg; sourceTree = "<group>"; };
		7060B11F247A3060000DCE40 /* c5aa834fgy1gauzr86bp5j20pb0w47in.jpg */ = {isa = PBXFileReference; lastKnownFileType = image.jpeg; path = c5aa834fgy1gauzr86bp5j20pb0w47in.jpg; sourceTree = "<group>"; };
		7060B120247A3060000DCE40 /* 9dc7402fgy1gavd39ba15j20j60nywii.jpg */ = {isa = PBXFileReference; lastKnownFileType = image.jpeg; path = 9dc7402fgy1gavd39ba15j20j60nywii.jpg; sourceTree = "<group>"; };
		7060B121247A3060000DCE40 /* bca7fdafly1gax1gqfgsjj20c80axaay.jpg */ = {isa = PBXFileReference; lastKnownFileType = image.jpeg; path = bca7fdafly1gax1gqfgsjj20c80axaay.jpg; sourceTree = "<group>"; };
		7060B122247A3060000DCE40 /* c5aa834fly8g97m8ix9lcj20re0regnk.jpg */ = {isa = PBXFileReference; lastKnownFileType = image.jpeg; path = c5aa834fly8g97m8ix9lcj20re0regnk.jpg; sourceTree = "<group>"; };
		7060B123247A3060000DCE40 /* 700a34f6ly8g9a29rjt92j20fn0iqdg8.jpg */ = {isa = PBXFileReference; lastKnownFileType = image.jpeg; path = 700a34f6ly8g9a29rjt92j20fn0iqdg8.jpg; sourceTree = "<group>"; };
		7060B124247A3060000DCE40 /* d0c21786ly1gavj2cdrkyj20c80720tg.jpg */ = {isa = PBXFileReference; lastKnownFileType = image.jpeg; path = d0c21786ly1gavj2cdrkyj20c80720tg.jpg; sourceTree = "<group>"; };
		7060B125247A3060000DCE40 /* bca7fdafly1gax1gqehdaj20c80atq3x.jpg */ = {isa = PBXFileReference; lastKnownFileType = image.jpeg; path = bca7fdafly1gax1gqehdaj20c80atq3x.jpg; sourceTree = "<group>"; };
		7060B126247A3060000DCE40 /* d0c21786ly1gavj2d17d9j20c808zq3r.jpg */ = {isa = PBXFileReference; lastKnownFileType = image.jpeg; path = d0c21786ly1gavj2d17d9j20c808zq3r.jpg; sourceTree = "<group>"; };
		7060B127247A3060000DCE40 /* 8a0b5544gy1gauy2gz000j20u00n6wgj.jpg */ = {isa = PBXFileReference; lastKnownFileType = image.jpeg; path = 8a0b5544gy1gauy2gz000j20u00n6wgj.jpg; sourceTree = "<group>"; };
		7060B128247A3060000DCE40 /* 006PdkDogy1gap6ngj12ej30u011itf7.jpg */ = {isa = PBXFileReference; lastKnownFileType = image.jpeg; path = 006PdkDogy1gap6ngj12ej30u011itf7.jpg; sourceTree = "<group>"; };
		7060B129247A3060000DCE40 /* 700a34f6gy1gaunsx2jywj20j60pkaeu.jpg */ = {isa = PBXFileReference; lastKnownFileType = image.jpeg; path = 700a34f6gy1gaunsx2jywj20j60pkaeu.jpg; sourceTree = "<group>"; };
		7060B12A247A3060000DCE40 /* 4e7f0c83gy1gam2mr1b81j22tc2407wi.jpg */ = {isa = PBXFileReference; lastKnownFileType = image.jpeg; path = 4e7f0c83gy1gam2mr1b81j22tc2407wi.jpg; sourceTree = "<group>"; };
		7060B12B247A3060000DCE40 /* 6a2afec3jw8fb4ld0qf2gj20e80dsdfz.jpg */ = {isa = PBXFileReference; lastKnownFileType = image.jpeg; path = 6a2afec3jw8fb4ld0qf2gj20e80dsdfz.jpg; sourceTree = "<group>"; };
		7060B12C247A3060000DCE40 /* bca7fdafly1gax1gqd9vmj20c80ayaam.jpg */ = {isa = PBXFileReference; lastKnownFileType = image.jpeg; path = bca7fdafly1gax1gqd9vmj20c80ayaam.jpg; sourceTree = "<group>"; };
		7060B12D247A3060000DCE40 /* 8a0b5544gy1gauy2hcozsj20u01czdiy.jpg */ = {isa = PBXFileReference; lastKnownFileType = image.jpeg; path = 8a0b5544gy1gauy2hcozsj20u01czdiy.jpg; sourceTree = "<group>"; };
		7060B12E247A3060000DCE40 /* c5aa834fgy1gauzr95r6fj20tw0l3dq4.jpg */ = {isa = PBXFileReference; lastKnownFileType = image.jpeg; path = c5aa834fgy1gauzr95r6fj20tw0l3dq4.jpg; sourceTree = "<group>"; };
		7060B12F247A3060000DCE40 /* 006PdkDogy1gap6ngiyn3j30u011idle.jpg */ = {isa = PBXFileReference; lastKnownFileType = image.jpeg; path = 006PdkDogy1gap6ngiyn3j30u011idle.jpg; sourceTree = "<group>"; };
		7060B130247A3060000DCE40 /* d0c21786ly1gavj2btv6tj20c80790tg.jpg */ = {isa = PBXFileReference; lastKnownFileType = image.jpeg; path = d0c21786ly1gavj2btv6tj20c80790tg.jpg; sourceTree = "<group>"; };
		7060B131247A3060000DCE40 /* PostListData_hot_1.json */ = {isa = PBXFileReference; fileEncoding = 4; lastKnownFileType = text.json; path = PostListData_hot_1.json; sourceTree = "<group>"; };
		7060B132247A3060000DCE40 /* eb5c94aely8fmvumnl9baj20v90v9q49.jpg */ = {isa = PBXFileReference; lastKnownFileType = image.jpeg; path = eb5c94aely8fmvumnl9baj20v90v9q49.jpg; sourceTree = "<group>"; };
		7060B133247A3060000DCE40 /* 630584a6ly8fqs5wwkkmrj20ku0kuta7.jpg */ = {isa = PBXFileReference; lastKnownFileType = image.jpeg; path = 630584a6ly8fqs5wwkkmrj20ku0kuta7.jpg; sourceTree = "<group>"; };
		7060B134247A3060000DCE40 /* d0c21786ly1gavj2cowp9j20c8083ab4.jpg */ = {isa = PBXFileReference; lastKnownFileType = image.jpeg; path = d0c21786ly1gavj2cowp9j20c8083ab4.jpg; sourceTree = "<group>"; };
		7060B135247A3060000DCE40 /* 9dc7402fgy1gavd367p0pj20j60nywic.jpg */ = {isa = PBXFileReference; lastKnownFileType = image.jpeg; path = 9dc7402fgy1gavd367p0pj20j60nywic.jpg; sourceTree = "<group>"; };
		7060B136247A3060000DCE40 /* 006gWxMEly1gavap86qr9j30ht0qo40t.jpg */ = {isa = PBXFileReference; lastKnownFileType = image.jpeg; path = 006gWxMEly1gavap86qr9j30ht0qo40t.jpg; sourceTree = "<group>"; };
		7060B137247A3060000DCE40 /* 76297935ly1gatz8k5itij22c02c01ky.jpg */ = {isa = PBXFileReference; lastKnownFileType = image.jpeg; path = 76297935ly1gatz8k5itij22c02c01ky.jpg; sourceTree = "<group>"; };
		7060B138247A3060000DCE40 /* 76297935ly1gatz8g5rvxj22c03401kz.jpg */ = {isa = PBXFileReference; lastKnownFileType = image.jpeg; path = 76297935ly1gatz8g5rvxj22c03401kz.jpg; sourceTree = "<group>"; };
		7060B139247A3060000DCE40 /* 700a34f6gy1gaunsxhp4pj20j60pkn1k.jpg */ = {isa = PBXFileReference; lastKnownFileType = image.jpeg; path = 700a34f6gy1gaunsxhp4pj20j60pkn1k.jpg; sourceTree = "<group>"; };
		7060B13A247A3060000DCE40 /* eb5c94aegy1gav2509cp5j20zk0k0n2j.jpg */ = {isa = PBXFileReference; lastKnownFileType = image.jpeg; path = eb5c94aegy1gav2509cp5j20zk0k0n2j.jpg; sourceTree = "<group>"; };
		7060B13B247A3060000DCE40 /* 4e7f0c83gy1gam2mn58d3j22tc240qv5.jpg */ = {isa = PBXFileReference; lastKnownFileType = image.jpeg; path = 4e7f0c83gy1gam2mn58d3j22tc240qv5.jpg; sourceTree = "<group>"; };
		7060B13C247A3060000DCE40 /* eb5c94aegy1gav26fycwlj20zk1h8drh.jpg */ = {isa = PBXFileReference; lastKnownFileType = image.jpeg; path = eb5c94aegy1gav26fycwlj20zk1h8drh.jpg; sourceTree = "<group>"; };
		7060B13D247A3060000DCE40 /* 630584a6gy1gau54zyj61j20m80etn07.jpg */ = {isa = PBXFileReference; lastKnownFileType = image.jpeg; path = 630584a6gy1gau54zyj61j20m80etn07.jpg; sourceTree = "<group>"; };
		7060B13E247A3061000DCE40 /* c5aa834fgy1gauzr8ok78j20tz12fk8w.jpg */ = {isa = PBXFileReference; lastKnownFileType = image.jpeg; path = c5aa834fgy1gauzr8ok78j20tz12fk8w.jpg; sourceTree = "<group>"; };
		7060B13F247A3061000DCE40 /* 76297935ly8g4phfkq68hj20u00u0mzt.jpg */ = {isa = PBXFileReference; lastKnownFileType = image.jpeg; path = 76297935ly8g4phfkq68hj20u00u0mzt.jpg; sourceTree = "<group>"; };
		7060B140247A3061000DCE40 /* 9dc7402fgy1gavd37l9nwj20j60ny44q.jpg */ = {isa = PBXFileReference; lastKnownFileType = image.jpeg; path = 9dc7402fgy1gavd37l9nwj20j60ny44q.jpg; sourceTree = "<group>"; };
		7060B141247A3061000DCE40 /* 700a34f6gy1gaunswwui7j20j60pl78e.jpg */ = {isa = PBXFileReference; lastKnownFileType = image.jpeg; path = 700a34f6gy1gaunswwui7j20j60pl78e.jpg; sourceTree = "<group>"; };
		7060B142247A3061000DCE40 /* 630584a6gy1gau54zgaxhj20m80et0vq.jpg */ = {isa = PBXFileReference; lastKnownFileType = image.jpeg; path = 630584a6gy1gau54zgaxhj20m80et0vq.jpg; sourceTree = "<group>"; };
		7060B143247A3061000DCE40 /* 4e7f0c83gy1gam2mjhk8zj21hc0v6wnx.jpg */ = {isa = PBXFileReference; lastKnownFileType = image.jpeg; path = 4e7f0c83gy1gam2mjhk8zj21hc0v6wnx.jpg; sourceTree = "<group>"; };
		7060B144247A3061000DCE40 /* 6ec3b446gy1gavd4xud8lj20j60qkwj0.jpg */ = {isa = PBXFileReference; lastKnownFileType = image.jpeg; path = 6ec3b446gy1gavd4xud8lj20j60qkwj0.jpg; sourceTree = "<group>"; };
		7060B145247A3061000DCE40 /* 4e7f0c83ly8g1ho507078j20ro0rojtq.jpg */ = {isa = PBXFileReference; lastKnownFileType = image.jpeg; path = 4e7f0c83ly8g1ho507078j20ro0rojtq.jpg; sourceTree = "<group>"; };
		7060B146247A3061000DCE40 /* bca7fdafly1gax1gqdhouj20c80axaam.jpg */ = {isa = PBXFileReference; lastKnownFileType = image.jpeg; path = bca7fdafly1gax1gqdhouj20c80axaam.jpg; sourceTree = "<group>"; };
		7060B147247A3061000DCE40 /* 6ec3b446gy1gavd523embj20j60pytd6.jpg */ = {isa = PBXFileReference; lastKnownFileType = image.jpeg; path = 6ec3b446gy1gavd523embj20j60pytd6.jpg; sourceTree = "<group>"; };
		7060B148247A3061000DCE40 /* 005tnxzUly8gab4i2r73xj30u00u0js8.jpg */ = {isa = PBXFileReference; lastKnownFileType = image.jpeg; path = 005tnxzUly8gab4i2r73xj30u00u0js8.jpg; sourceTree = "<group>"; };
		7060B19C247A3DAA000DCE40 /* PostVIPBadge.swift */ = {isa = PBXFileReference; lastKnownFileType = sourcecode.swift; path = PostVIPBadge.swift; sourceTree = "<group>"; };
		7060B19E247A6182000DCE40 /* Post.swift */ = {isa = PBXFileReference; lastKnownFileType = sourcecode.swift; path = Post.swift; sourceTree = "<group>"; };
		7060B1A0247A8F38000DCE40 /* PostCellToolBarButtom.swift */ = {isa = PBXFileReference; lastKnownFileType = sourcecode.swift; path = PostCellToolBarButtom.swift; sourceTree = "<group>"; };
		7060B1A2247AAE15000DCE40 /* PostListView.swift */ = {isa = PBXFileReference; lastKnownFileType = sourcecode.swift; path = PostListView.swift; sourceTree = "<group>"; };
		7060B1A4247D63A3000DCE40 /* PostImageCell.swift */ = {isa = PBXFileReference; lastKnownFileType = sourcecode.swift; path = PostImageCell.swift; sourceTree = "<group>"; };
		7079EAAE248012DF0039A451 /* HomeView.swift */ = {isa = PBXFileReference; lastKnownFileType = sourcecode.swift; path = HomeView.swift; sourceTree = "<group>"; };
		7079EAB02480168C0039A451 /* UserData.swift */ = {isa = PBXFileReference; lastKnownFileType = sourcecode.swift; path = UserData.swift; sourceTree = "<group>"; };
		7079EAB22483BDCA0039A451 /* HScrollViewController.swift */ = {isa = PBXFileReference; lastKnownFileType = sourcecode.swift; path = HScrollViewController.swift; sourceTree = "<group>"; };
		7079EAB4248C9F1C0039A451 /* CommentInputView.swift */ = {isa = PBXFileReference; lastKnownFileType = sourcecode.swift; path = CommentInputView.swift; sourceTree = "<group>"; };
		7079EAB6248CB01C0039A451 /* CommentTextView.swift */ = {isa = PBXFileReference; lastKnownFileType = sourcecode.swift; path = CommentTextView.swift; sourceTree = "<group>"; };
		7079EABA248CB68B0039A451 /* KeyboardResponder.swift */ = {isa = PBXFileReference; lastKnownFileType = sourcecode.swift; path = KeyboardResponder.swift; sourceTree = "<group>"; };
		707CB465247D78460069035C /* PostDetailView.swift */ = {isa = PBXFileReference; lastKnownFileType = sourcecode.swift; path = PostDetailView.swift; sourceTree = "<group>"; };
		707CB467247EC73A0069035C /* HomeNavigationBar.swift */ = {isa = PBXFileReference; lastKnownFileType = sourcecode.swift; path = HomeNavigationBar.swift; sourceTree = "<group>"; };
/* End PBXFileReference section */

/* Begin PBXFrameworksBuildPhase section */
		7060B0D724743119000DCE40 /* Frameworks */ = {
			isa = PBXFrameworksBuildPhase;
			buildActionMask = 2147483647;
			files = (
			);
			runOnlyForDeploymentPostprocessing = 0;
		};
/* End PBXFrameworksBuildPhase section */

/* Begin PBXGroup section */
		7060B0D124743119000DCE40 = {
			isa = PBXGroup;
			children = (
				7060B0DC24743119000DCE40 /* weiboDemo */,
				7060B0DB24743119000DCE40 /* Products */,
			);
			sourceTree = "<group>";
		};
		7060B0DB24743119000DCE40 /* Products */ = {
			isa = PBXGroup;
			children = (
				7060B0DA24743119000DCE40 /* weiboDemo.app */,
			);
			name = Products;
			sourceTree = "<group>";
		};
		7060B0DC24743119000DCE40 /* weiboDemo */ = {
			isa = PBXGroup;
			children = (
				7060B0DD24743119000DCE40 /* AppDelegate.swift */,
				7060B0DF24743119000DCE40 /* SceneDelegate.swift */,
				7060B0E124743119000DCE40 /* ContentView.swift */,
				7060B0F324743A40000DCE40 /* PostCell.swift */,
				7060B0F5247A3060000DCE40 /* Resources */,
				7060B0E32474311D000DCE40 /* Assets.xcassets */,
				7060B0E82474311D000DCE40 /* LaunchScreen.storyboard */,
				7060B0EB2474311D000DCE40 /* Info.plist */,
				7060B0E52474311D000DCE40 /* Preview Content */,
				7060B19C247A3DAA000DCE40 /* PostVIPBadge.swift */,
				7060B19E247A6182000DCE40 /* Post.swift */,
				7060B1A0247A8F38000DCE40 /* PostCellToolBarButtom.swift */,
				7060B1A2247AAE15000DCE40 /* PostListView.swift */,
				7060B1A4247D63A3000DCE40 /* PostImageCell.swift */,
				707CB465247D78460069035C /* PostDetailView.swift */,
				707CB467247EC73A0069035C /* HomeNavigationBar.swift */,
				7079EAAE248012DF0039A451 /* HomeView.swift */,
				7079EAB02480168C0039A451 /* UserData.swift */,
				7079EAB22483BDCA0039A451 /* HScrollViewController.swift */,
				7079EAB4248C9F1C0039A451 /* CommentInputView.swift */,
				7079EAB6248CB01C0039A451 /* CommentTextView.swift */,
				7079EABA248CB68B0039A451 /* KeyboardResponder.swift */,
			);
			path = weiboDemo;
			sourceTree = "<group>";
		};
		7060B0E52474311D000DCE40 /* Preview Content */ = {
			isa = PBXGroup;
			children = (
				7060B0E62474311D000DCE40 /* Preview Assets.xcassets */,
			);
			path = "Preview Content";
			sourceTree = "<group>";
		};
		7060B0F5247A3060000DCE40 /* Resources */ = {
			isa = PBXGroup;
			children = (
				7060B0F6247A3060000DCE40 /* 8697cf1ely8gashxj3b09j20u00u040v.jpg */,
				7060B0F7247A3060000DCE40 /* d0c21786ly1gavj2c0kcej20c8096dh7.jpg */,
				7060B0F8247A3060000DCE40 /* 6ec3b446jw1e8qgp5bmzyj2050050aa8.jpg */,
				7060B0F9247A3060000DCE40 /* 8a0b5544jw1e8qgp5bmzyj2050050aa8.jpg */,
				7060B0FA247A3060000DCE40 /* bca7fdafly1gax1gqdg6qj20c80avdgl.jpg */,
				7060B0FB247A3060000DCE40 /* 9dc7402fjw1e8qgp5bmzyj2050050aa8.jpg */,
				7060B0FC247A3060000DCE40 /* eb5c94aegy1gav25n5ibjj20zk1h8wuu.jpg */,
				7060B0FD247A3060000DCE40 /* 006gWxMEly1gavap8dywoj30hs0bwq48.jpg */,
				7060B0FE247A3060000DCE40 /* 630584a6gy1gau54zl806j20m80etmzo.jpg */,
				7060B0FF247A3060000DCE40 /* 9dc7402fgy1gavd38wwlrj20j60nyq6y.jpg */,
				7060B100247A3060000DCE40 /* 8a0b5544gy1gauy2flua6j20u00hitab.jpg */,
				7060B101247A3060000DCE40 /* 7f9147a5ly1fzxlh4ovuej20e90fl4fo.jpg */,
				7060B102247A3060000DCE40 /* 7f9147a5ly1fzxlgxgzpij20e90fltsj.jpg */,
				7060B103247A3060000DCE40 /* 76297935ly1gatz8obqvkj22c0340npe.jpg */,
				7060B104247A3060000DCE40 /* d0c21786ly8fsax1ftiifj20ro0ro43g.jpg */,
				7060B105247A3060000DCE40 /* 9dc7402fgy1gavd38kqjtj20j60nyn1d.jpg */,
				7060B106247A3060000DCE40 /* 6a2afec3gy1gaulykcejqj20t5145wns.jpg */,
				7060B107247A3060000DCE40 /* 4e7f0c83gy1gam2mp0x4pj22tc240u0x.jpg */,
				7060B108247A3060000DCE40 /* c5aa834fgy1gauzrb7s5ej20tz13qh5x.jpg */,
				7060B109247A3060000DCE40 /* 700a34f6gy1gaunswxtlrj20j60pkgok.jpg */,
				7060B10A247A3060000DCE40 /* 8a0b5544gy1gauy2ex786j20u0129aed.jpg */,
				7060B10B247A3060000DCE40 /* 76297935ly1gatz89dzblj23402c0qv6.jpg */,
				7060B10C247A3060000DCE40 /* 700a34f6gy1gaunswy5qnj20j60pkadk.jpg */,
				7060B10D247A3060000DCE40 /* bca7fdafgw1ekhkps65b1j2050050dg4.jpg */,
				7060B10E247A3060000DCE40 /* PostListData_recommend_1.json */,
				7060B10F247A3060000DCE40 /* 006gWxMEly8g0bjpl3ynij30kv0kv773.jpg */,
				7060B110247A3060000DCE40 /* 6ec3b446gy1gavd51jc4lj20j60pmwhl.jpg */,
				7060B111247A3060000DCE40 /* 006gWxMEly1gavap88gttj30hs0a0dgf.jpg */,
				7060B112247A3060000DCE40 /* 4e7f0c83gy1gam2ml6nucj22tc240kjl.jpg */,
				7060B113247A3060000DCE40 /* 4e7f0c83gy1gam2misv31j21hc0u016k.jpg */,
				7060B114247A3060000DCE40 /* 8a0b5544gy1gauy2gmkg9j20u00gegnp.jpg */,
				7060B115247A3060000DCE40 /* 006gWxMEly1gavap8vsqaj30hs0bwgm6.jpg */,
				7060B116247A3060000DCE40 /* 648ed25bjw8est9nqrtnij20500503yr.jpg */,
				7060B117247A3060000DCE40 /* eb5c94aegy1gav25ox6dvj20u00k1go9.jpg */,
				7060B118247A3060000DCE40 /* 8a0b5544gy1gauy2g35yoj20u00fomzf.jpg */,
				7060B119247A3060000DCE40 /* 006PdkDoly8ffywe2fq39j304g04gwed.jpg */,
				7060B11A247A3060000DCE40 /* 700a34f6gy1gaunsxgzixj20j60edmz8.jpg */,
				7060B11B247A3060000DCE40 /* bca7fdafly1gax1gqdnboj20c80atmxp.jpg */,
				7060B11C247A3060000DCE40 /* c5aa834fgy1gauzr6venkj20u01hc12f.jpg */,
				7060B11D247A3060000DCE40 /* 7f9147a5ly1fzxlh6hzdnj20e90fl7me.jpg */,
				7060B11E247A3060000DCE40 /* 630584a6gy1gau54zm4dtj20m80dftbv.jpg */,
				7060B11F247A3060000DCE40 /* c5aa834fgy1gauzr86bp5j20pb0w47in.jpg */,
				7060B120247A3060000DCE40 /* 9dc7402fgy1gavd39ba15j20j60nywii.jpg */,
				7060B121247A3060000DCE40 /* bca7fdafly1gax1gqfgsjj20c80axaay.jpg */,
				7060B122247A3060000DCE40 /* c5aa834fly8g97m8ix9lcj20re0regnk.jpg */,
				7060B123247A3060000DCE40 /* 700a34f6ly8g9a29rjt92j20fn0iqdg8.jpg */,
				7060B124247A3060000DCE40 /* d0c21786ly1gavj2cdrkyj20c80720tg.jpg */,
				7060B125247A3060000DCE40 /* bca7fdafly1gax1gqehdaj20c80atq3x.jpg */,
				7060B126247A3060000DCE40 /* d0c21786ly1gavj2d17d9j20c808zq3r.jpg */,
				7060B127247A3060000DCE40 /* 8a0b5544gy1gauy2gz000j20u00n6wgj.jpg */,
				7060B128247A3060000DCE40 /* 006PdkDogy1gap6ngj12ej30u011itf7.jpg */,
				7060B129247A3060000DCE40 /* 700a34f6gy1gaunsx2jywj20j60pkaeu.jpg */,
				7060B12A247A3060000DCE40 /* 4e7f0c83gy1gam2mr1b81j22tc2407wi.jpg */,
				7060B12B247A3060000DCE40 /* 6a2afec3jw8fb4ld0qf2gj20e80dsdfz.jpg */,
				7060B12C247A3060000DCE40 /* bca7fdafly1gax1gqd9vmj20c80ayaam.jpg */,
				7060B12D247A3060000DCE40 /* 8a0b5544gy1gauy2hcozsj20u01czdiy.jpg */,
				7060B12E247A3060000DCE40 /* c5aa834fgy1gauzr95r6fj20tw0l3dq4.jpg */,
				7060B12F247A3060000DCE40 /* 006PdkDogy1gap6ngiyn3j30u011idle.jpg */,
				7060B130247A3060000DCE40 /* d0c21786ly1gavj2btv6tj20c80790tg.jpg */,
				7060B131247A3060000DCE40 /* PostListData_hot_1.json */,
				7060B132247A3060000DCE40 /* eb5c94aely8fmvumnl9baj20v90v9q49.jpg */,
				7060B133247A3060000DCE40 /* 630584a6ly8fqs5wwkkmrj20ku0kuta7.jpg */,
				7060B134247A3060000DCE40 /* d0c21786ly1gavj2cowp9j20c8083ab4.jpg */,
				7060B135247A3060000DCE40 /* 9dc7402fgy1gavd367p0pj20j60nywic.jpg */,
				7060B136247A3060000DCE40 /* 006gWxMEly1gavap86qr9j30ht0qo40t.jpg */,
				7060B137247A3060000DCE40 /* 76297935ly1gatz8k5itij22c02c01ky.jpg */,
				7060B138247A3060000DCE40 /* 76297935ly1gatz8g5rvxj22c03401kz.jpg */,
				7060B139247A3060000DCE40 /* 700a34f6gy1gaunsxhp4pj20j60pkn1k.jpg */,
				7060B13A247A3060000DCE40 /* eb5c94aegy1gav2509cp5j20zk0k0n2j.jpg */,
				7060B13B247A3060000DCE40 /* 4e7f0c83gy1gam2mn58d3j22tc240qv5.jpg */,
				7060B13C247A3060000DCE40 /* eb5c94aegy1gav26fycwlj20zk1h8drh.jpg */,
				7060B13D247A3060000DCE40 /* 630584a6gy1gau54zyj61j20m80etn07.jpg */,
				7060B13E247A3061000DCE40 /* c5aa834fgy1gauzr8ok78j20tz12fk8w.jpg */,
				7060B13F247A3061000DCE40 /* 76297935ly8g4phfkq68hj20u00u0mzt.jpg */,
				7060B140247A3061000DCE40 /* 9dc7402fgy1gavd37l9nwj20j60ny44q.jpg */,
				7060B141247A3061000DCE40 /* 700a34f6gy1gaunswwui7j20j60pl78e.jpg */,
				7060B142247A3061000DCE40 /* 630584a6gy1gau54zgaxhj20m80et0vq.jpg */,
				7060B143247A3061000DCE40 /* 4e7f0c83gy1gam2mjhk8zj21hc0v6wnx.jpg */,
				7060B144247A3061000DCE40 /* 6ec3b446gy1gavd4xud8lj20j60qkwj0.jpg */,
				7060B145247A3061000DCE40 /* 4e7f0c83ly8g1ho507078j20ro0rojtq.jpg */,
				7060B146247A3061000DCE40 /* bca7fdafly1gax1gqdhouj20c80axaam.jpg */,
				7060B147247A3061000DCE40 /* 6ec3b446gy1gavd523embj20j60pytd6.jpg */,
				7060B148247A3061000DCE40 /* 005tnxzUly8gab4i2r73xj30u00u0js8.jpg */,
			);
			path = Resources;
			sourceTree = "<group>";
		};
/* End PBXGroup section */

/* Begin PBXNativeTarget section */
		7060B0D924743119000DCE40 /* weiboDemo */ = {
			isa = PBXNativeTarget;
			buildConfigurationList = 7060B0EE2474311D000DCE40 /* Build configuration list for PBXNativeTarget "weiboDemo" */;
			buildPhases = (
				7060B0D624743119000DCE40 /* Sources */,
				7060B0D724743119000DCE40 /* Frameworks */,
				7060B0D824743119000DCE40 /* Resources */,
			);
			buildRules = (
			);
			dependencies = (
			);
			name = weiboDemo;
			productName = weiboDemo;
			productReference = 7060B0DA24743119000DCE40 /* weiboDemo.app */;
			productType = "com.apple.product-type.application";
		};
/* End PBXNativeTarget section */

/* Begin PBXProject section */
		7060B0D224743119000DCE40 /* Project object */ = {
			isa = PBXProject;
			attributes = {
				LastSwiftUpdateCheck = 1140;
				LastUpgradeCheck = 1140;
				ORGANIZATIONNAME = Wenshuo;
				TargetAttributes = {
					7060B0D924743119000DCE40 = {
						CreatedOnToolsVersion = 11.4.1;
					};
				};
			};
			buildConfigurationList = 7060B0D524743119000DCE40 /* Build configuration list for PBXProject "weiboDemo" */;
			compatibilityVersion = "Xcode 9.3";
			developmentRegion = en;
			hasScannedForEncodings = 0;
			knownRegions = (
				en,
				Base,
			);
			mainGroup = 7060B0D124743119000DCE40;
			productRefGroup = 7060B0DB24743119000DCE40 /* Products */;
			projectDirPath = "";
			projectRoot = "";
			targets = (
				7060B0D924743119000DCE40 /* weiboDemo */,
			);
		};
/* End PBXProject section */

/* Begin PBXResourcesBuildPhase section */
		7060B0D824743119000DCE40 /* Resources */ = {
			isa = PBXResourcesBuildPhase;
			buildActionMask = 2147483647;
			files = (
				7060B14B247A3061000DCE40 /* 6ec3b446jw1e8qgp5bmzyj2050050aa8.jpg in Resources */,
				7060B17E247A3061000DCE40 /* 6a2afec3jw8fb4ld0qf2gj20e80dsdfz.jpg in Resources */,
				7060B18D247A3061000DCE40 /* eb5c94aegy1gav2509cp5j20zk0k0n2j.jpg in Resources */,
				7060B18E247A3061000DCE40 /* 4e7f0c83gy1gam2mn58d3j22tc240qv5.jpg in Resources */,
				7060B15A247A3061000DCE40 /* 4e7f0c83gy1gam2mp0x4pj22tc240u0x.jpg in Resources */,
				7060B19A247A3061000DCE40 /* 6ec3b446gy1gavd523embj20j60pytd6.jpg in Resources */,
				7060B167247A3061000DCE40 /* 8a0b5544gy1gauy2gmkg9j20u00gegnp.jpg in Resources */,
				7060B15D247A3061000DCE40 /* 8a0b5544gy1gauy2ex786j20u0129aed.jpg in Resources */,
				7060B178247A3061000DCE40 /* bca7fdafly1gax1gqehdaj20c80atq3x.jpg in Resources */,
				7060B170247A3061000DCE40 /* 7f9147a5ly1fzxlh6hzdnj20e90fl7me.jpg in Resources */,
				7060B14C247A3061000DCE40 /* 8a0b5544jw1e8qgp5bmzyj2050050aa8.jpg in Resources */,
				7060B190247A3061000DCE40 /* 630584a6gy1gau54zyj61j20m80etn07.jpg in Resources */,
				7060B174247A3061000DCE40 /* bca7fdafly1gax1gqfgsjj20c80axaay.jpg in Resources */,
				7060B159247A3061000DCE40 /* 6a2afec3gy1gaulykcejqj20t5145wns.jpg in Resources */,
				7060B183247A3061000DCE40 /* d0c21786ly1gavj2btv6tj20c80790tg.jpg in Resources */,
				7060B186247A3061000DCE40 /* 630584a6ly8fqs5wwkkmrj20ku0kuta7.jpg in Resources */,
				7060B149247A3061000DCE40 /* 8697cf1ely8gashxj3b09j20u00u040v.jpg in Resources */,
				7060B162247A3061000DCE40 /* 006gWxMEly8g0bjpl3ynij30kv0kv773.jpg in Resources */,
				7060B151247A3061000DCE40 /* 630584a6gy1gau54zl806j20m80etmzo.jpg in Resources */,
				7060B16E247A3061000DCE40 /* bca7fdafly1gax1gqdnboj20c80atmxp.jpg in Resources */,
				7060B182247A3061000DCE40 /* 006PdkDogy1gap6ngiyn3j30u011idle.jpg in Resources */,
				7060B160247A3061000DCE40 /* bca7fdafgw1ekhkps65b1j2050050dg4.jpg in Resources */,
				7060B153247A3061000DCE40 /* 8a0b5544gy1gauy2flua6j20u00hitab.jpg in Resources */,
				7060B19B247A3061000DCE40 /* 005tnxzUly8gab4i2r73xj30u00u0js8.jpg in Resources */,
				7060B175247A3061000DCE40 /* c5aa834fly8g97m8ix9lcj20re0regnk.jpg in Resources */,
				7060B150247A3061000DCE40 /* 006gWxMEly1gavap8dywoj30hs0bwq48.jpg in Resources */,
				7060B168247A3061000DCE40 /* 006gWxMEly1gavap8vsqaj30hs0bwgm6.jpg in Resources */,
				7060B18C247A3061000DCE40 /* 700a34f6gy1gaunsxhp4pj20j60pkn1k.jpg in Resources */,
				7060B15B247A3061000DCE40 /* c5aa834fgy1gauzrb7s5ej20tz13qh5x.jpg in Resources */,
				7060B152247A3061000DCE40 /* 9dc7402fgy1gavd38wwlrj20j60nyq6y.jpg in Resources */,
				7060B14A247A3061000DCE40 /* d0c21786ly1gavj2c0kcej20c8096dh7.jpg in Resources */,
				7060B18B247A3061000DCE40 /* 76297935ly1gatz8g5rvxj22c03401kz.jpg in Resources */,
				7060B17B247A3061000DCE40 /* 006PdkDogy1gap6ngj12ej30u011itf7.jpg in Resources */,
				7060B14E247A3061000DCE40 /* 9dc7402fjw1e8qgp5bmzyj2050050aa8.jpg in Resources */,
				7060B184247A3061000DCE40 /* PostListData_hot_1.json in Resources */,
				7060B179247A3061000DCE40 /* d0c21786ly1gavj2d17d9j20c808zq3r.jpg in Resources */,
				7060B187247A3061000DCE40 /* d0c21786ly1gavj2cowp9j20c8083ab4.jpg in Resources */,
				7060B169247A3061000DCE40 /* 648ed25bjw8est9nqrtnij20500503yr.jpg in Resources */,
				7060B0EA2474311D000DCE40 /* LaunchScreen.storyboard in Resources */,
				7060B16D247A3061000DCE40 /* 700a34f6gy1gaunsxgzixj20j60edmz8.jpg in Resources */,
				7060B189247A3061000DCE40 /* 006gWxMEly1gavap86qr9j30ht0qo40t.jpg in Resources */,
				7060B165247A3061000DCE40 /* 4e7f0c83gy1gam2ml6nucj22tc240kjl.jpg in Resources */,
				7060B180247A3061000DCE40 /* 8a0b5544gy1gauy2hcozsj20u01czdiy.jpg in Resources */,
				7060B197247A3061000DCE40 /* 6ec3b446gy1gavd4xud8lj20j60qkwj0.jpg in Resources */,
				7060B17C247A3061000DCE40 /* 700a34f6gy1gaunsx2jywj20j60pkaeu.jpg in Resources */,
				7060B15F247A3061000DCE40 /* 700a34f6gy1gaunswy5qnj20j60pkadk.jpg in Resources */,
				7060B0E72474311D000DCE40 /* Preview Assets.xcassets in Resources */,
				7060B18A247A3061000DCE40 /* 76297935ly1gatz8k5itij22c02c01ky.jpg in Resources */,
				7060B188247A3061000DCE40 /* 9dc7402fgy1gavd367p0pj20j60nywic.jpg in Resources */,
				7060B195247A3061000DCE40 /* 630584a6gy1gau54zgaxhj20m80et0vq.jpg in Resources */,
				7060B198247A3061000DCE40 /* 4e7f0c83ly8g1ho507078j20ro0rojtq.jpg in Resources */,
				7060B17F247A3061000DCE40 /* bca7fdafly1gax1gqd9vmj20c80ayaam.jpg in Resources */,
				7060B155247A3061000DCE40 /* 7f9147a5ly1fzxlgxgzpij20e90fltsj.jpg in Resources */,
				7060B181247A3061000DCE40 /* c5aa834fgy1gauzr95r6fj20tw0l3dq4.jpg in Resources */,
				7060B156247A3061000DCE40 /* 76297935ly1gatz8obqvkj22c0340npe.jpg in Resources */,
				7060B176247A3061000DCE40 /* 700a34f6ly8g9a29rjt92j20fn0iqdg8.jpg in Resources */,
				7060B163247A3061000DCE40 /* 6ec3b446gy1gavd51jc4lj20j60pmwhl.jpg in Resources */,
				7060B18F247A3061000DCE40 /* eb5c94aegy1gav26fycwlj20zk1h8drh.jpg in Resources */,
				7060B15C247A3061000DCE40 /* 700a34f6gy1gaunswxtlrj20j60pkgok.jpg in Resources */,
				7060B185247A3061000DCE40 /* eb5c94aely8fmvumnl9baj20v90v9q49.jpg in Resources */,
				7060B17D247A3061000DCE40 /* 4e7f0c83gy1gam2mr1b81j22tc2407wi.jpg in Resources */,
				7060B0E42474311D000DCE40 /* Assets.xcassets in Resources */,
				7060B166247A3061000DCE40 /* 4e7f0c83gy1gam2misv31j21hc0u016k.jpg in Resources */,
				7060B191247A3061000DCE40 /* c5aa834fgy1gauzr8ok78j20tz12fk8w.jpg in Resources */,
				7060B177247A3061000DCE40 /* d0c21786ly1gavj2cdrkyj20c80720tg.jpg in Resources */,
				7060B14F247A3061000DCE40 /* eb5c94aegy1gav25n5ibjj20zk1h8wuu.jpg in Resources */,
				7060B196247A3061000DCE40 /* 4e7f0c83gy1gam2mjhk8zj21hc0v6wnx.jpg in Resources */,
				7060B193247A3061000DCE40 /* 9dc7402fgy1gavd37l9nwj20j60ny44q.jpg in Resources */,
				7060B14D247A3061000DCE40 /* bca7fdafly1gax1gqdg6qj20c80avdgl.jpg in Resources */,
				7060B192247A3061000DCE40 /* 76297935ly8g4phfkq68hj20u00u0mzt.jpg in Resources */,
				7060B16F247A3061000DCE40 /* c5aa834fgy1gauzr6venkj20u01hc12f.jpg in Resources */,
				7060B16A247A3061000DCE40 /* eb5c94aegy1gav25ox6dvj20u00k1go9.jpg in Resources */,
				7060B194247A3061000DCE40 /* 700a34f6gy1gaunswwui7j20j60pl78e.jpg in Resources */,
				7060B164247A3061000DCE40 /* 006gWxMEly1gavap88gttj30hs0a0dgf.jpg in Resources */,
				7060B158247A3061000DCE40 /* 9dc7402fgy1gavd38kqjtj20j60nyn1d.jpg in Resources */,
				7060B16B247A3061000DCE40 /* 8a0b5544gy1gauy2g35yoj20u00fomzf.jpg in Resources */,
				7060B16C247A3061000DCE40 /* 006PdkDoly8ffywe2fq39j304g04gwed.jpg in Resources */,
				7060B157247A3061000DCE40 /* d0c21786ly8fsax1ftiifj20ro0ro43g.jpg in Resources */,
				7060B15E247A3061000DCE40 /* 76297935ly1gatz89dzblj23402c0qv6.jpg in Resources */,
				7060B17A247A3061000DCE40 /* 8a0b5544gy1gauy2gz000j20u00n6wgj.jpg in Resources */,
				7060B171247A3061000DCE40 /* 630584a6gy1gau54zm4dtj20m80dftbv.jpg in Resources */,
				7060B199247A3061000DCE40 /* bca7fdafly1gax1gqdhouj20c80axaam.jpg in Resources */,
				7060B173247A3061000DCE40 /* 9dc7402fgy1gavd39ba15j20j60nywii.jpg in Resources */,
				7060B172247A3061000DCE40 /* c5aa834fgy1gauzr86bp5j20pb0w47in.jpg in Resources */,
				7060B161247A3061000DCE40 /* PostListData_recommend_1.json in Resources */,
				7060B154247A3061000DCE40 /* 7f9147a5ly1fzxlh4ovuej20e90fl4fo.jpg in Resources */,
			);
			runOnlyForDeploymentPostprocessing = 0;
		};
/* End PBXResourcesBuildPhase section */

/* Begin PBXSourcesBuildPhase section */
		7060B0D624743119000DCE40 /* Sources */ = {
			isa = PBXSourcesBuildPhase;
			buildActionMask = 2147483647;
			files = (
				7079EAB12480168C0039A451 /* UserData.swift in Sources */,
				7079EABB248CB68B0039A451 /* KeyboardResponder.swift in Sources */,
				7060B0DE24743119000DCE40 /* AppDelegate.swift in Sources */,
				7079EAB32483BDCA0039A451 /* HScrollViewController.swift in Sources */,
				7079EAB7248CB01C0039A451 /* CommentTextView.swift in Sources */,
				707CB466247D78460069035C /* PostDetailView.swift in Sources */,
				7060B0E024743119000DCE40 /* SceneDelegate.swift in Sources */,
				7060B1A3247AAE15000DCE40 /* PostListView.swift in Sources */,
				7060B0E224743119000DCE40 /* ContentView.swift in Sources */,
				7079EAB5248C9F1C0039A451 /* CommentInputView.swift in Sources */,
				7060B19F247A6182000DCE40 /* Post.swift in Sources */,
				7060B0F424743A40000DCE40 /* PostCell.swift in Sources */,
				707CB468247EC73A0069035C /* HomeNavigationBar.swift in Sources */,
				7060B19D247A3DAA000DCE40 /* PostVIPBadge.swift in Sources */,
				7079EAAF248012DF0039A451 /* HomeView.swift in Sources */,
				7060B1A5247D63A3000DCE40 /* PostImageCell.swift in Sources */,
				7060B1A1247A8F38000DCE40 /* PostCellToolBarButtom.swift in Sources */,
			);
			runOnlyForDeploymentPostprocessing = 0;
		};
/* End PBXSourcesBuildPhase section */

/* Begin PBXVariantGroup section */
		7060B0E82474311D000DCE40 /* LaunchScreen.storyboard */ = {
			isa = PBXVariantGroup;
			children = (
				7060B0E92474311D000DCE40 /* Base */,
			);
			name = LaunchScreen.storyboard;
			sourceTree = "<group>";
		};
/* End PBXVariantGroup section */

/* Begin XCBuildConfiguration section */
		7060B0EC2474311D000DCE40 /* Debug */ = {
			isa = XCBuildConfiguration;
			buildSettings = {
				ALWAYS_SEARCH_USER_PATHS = NO;
				CLANG_ANALYZER_NONNULL = YES;
				CLANG_ANALYZER_NUMBER_OBJECT_CONVERSION = YES_AGGRESSIVE;
				CLANG_CXX_LANGUAGE_STANDARD = "gnu++14";
				CLANG_CXX_LIBRARY = "libc++";
				CLANG_ENABLE_MODULES = YES;
				CLANG_ENABLE_OBJC_ARC = YES;
				CLANG_ENABLE_OBJC_WEAK = YES;
				CLANG_WARN_BLOCK_CAPTURE_AUTORELEASING = YES;
				CLANG_WARN_BOOL_CONVERSION = YES;
				CLANG_WARN_COMMA = YES;
				CLANG_WARN_CONSTANT_CONVERSION = YES;
				CLANG_WARN_DEPRECATED_OBJC_IMPLEMENTATIONS = YES;
				CLANG_WARN_DIRECT_OBJC_ISA_USAGE = YES_ERROR;
				CLANG_WARN_DOCUMENTATION_COMMENTS = YES;
				CLANG_WARN_EMPTY_BODY = YES;
				CLANG_WARN_ENUM_CONVERSION = YES;
				CLANG_WARN_INFINITE_RECURSION = YES;
				CLANG_WARN_INT_CONVERSION = YES;
				CLANG_WARN_NON_LITERAL_NULL_CONVERSION = YES;
				CLANG_WARN_OBJC_IMPLICIT_RETAIN_SELF = YES;
				CLANG_WARN_OBJC_LITERAL_CONVERSION = YES;
				CLANG_WARN_OBJC_ROOT_CLASS = YES_ERROR;
				CLANG_WARN_RANGE_LOOP_ANALYSIS = YES;
				CLANG_WARN_STRICT_PROTOTYPES = YES;
				CLANG_WARN_SUSPICIOUS_MOVE = YES;
				CLANG_WARN_UNGUARDED_AVAILABILITY = YES_AGGRESSIVE;
				CLANG_WARN_UNREACHABLE_CODE = YES;
				CLANG_WARN__DUPLICATE_METHOD_MATCH = YES;
				COPY_PHASE_STRIP = NO;
				DEBUG_INFORMATION_FORMAT = dwarf;
				ENABLE_STRICT_OBJC_MSGSEND = YES;
				ENABLE_TESTABILITY = YES;
				GCC_C_LANGUAGE_STANDARD = gnu11;
				GCC_DYNAMIC_NO_PIC = NO;
				GCC_NO_COMMON_BLOCKS = YES;
				GCC_OPTIMIZATION_LEVEL = 0;
				GCC_PREPROCESSOR_DEFINITIONS = (
					"DEBUG=1",
					"$(inherited)",
				);
				GCC_WARN_64_TO_32_BIT_CONVERSION = YES;
				GCC_WARN_ABOUT_RETURN_TYPE = YES_ERROR;
				GCC_WARN_UNDECLARED_SELECTOR = YES;
				GCC_WARN_UNINITIALIZED_AUTOS = YES_AGGRESSIVE;
				GCC_WARN_UNUSED_FUNCTION = YES;
				GCC_WARN_UNUSED_VARIABLE = YES;
				IPHONEOS_DEPLOYMENT_TARGET = 13.4;
				MTL_ENABLE_DEBUG_INFO = INCLUDE_SOURCE;
				MTL_FAST_MATH = YES;
				ONLY_ACTIVE_ARCH = YES;
				SDKROOT = iphoneos;
				SWIFT_ACTIVE_COMPILATION_CONDITIONS = DEBUG;
				SWIFT_OPTIMIZATION_LEVEL = "-Onone";
			};
			name = Debug;
		};
		7060B0ED2474311D000DCE40 /* Release */ = {
			isa = XCBuildConfiguration;
			buildSettings = {
				ALWAYS_SEARCH_USER_PATHS = NO;
				CLANG_ANALYZER_NONNULL = YES;
				CLANG_ANALYZER_NUMBER_OBJECT_CONVERSION = YES_AGGRESSIVE;
				CLANG_CXX_LANGUAGE_STANDARD = "gnu++14";
				CLANG_CXX_LIBRARY = "libc++";
				CLANG_ENABLE_MODULES = YES;
				CLANG_ENABLE_OBJC_ARC = YES;
				CLANG_ENABLE_OBJC_WEAK = YES;
				CLANG_WARN_BLOCK_CAPTURE_AUTORELEASING = YES;
				CLANG_WARN_BOOL_CONVERSION = YES;
				CLANG_WARN_COMMA = YES;
				CLANG_WARN_CONSTANT_CONVERSION = YES;
				CLANG_WARN_DEPRECATED_OBJC_IMPLEMENTATIONS = YES;
				CLANG_WARN_DIRECT_OBJC_ISA_USAGE = YES_ERROR;
				CLANG_WARN_DOCUMENTATION_COMMENTS = YES;
				CLANG_WARN_EMPTY_BODY = YES;
				CLANG_WARN_ENUM_CONVERSION = YES;
				CLANG_WARN_INFINITE_RECURSION = YES;
				CLANG_WARN_INT_CONVERSION = YES;
				CLANG_WARN_NON_LITERAL_NULL_CONVERSION = YES;
				CLANG_WARN_OBJC_IMPLICIT_RETAIN_SELF = YES;
				CLANG_WARN_OBJC_LITERAL_CONVERSION = YES;
				CLANG_WARN_OBJC_ROOT_CLASS = YES_ERROR;
				CLANG_WARN_RANGE_LOOP_ANALYSIS = YES;
				CLANG_WARN_STRICT_PROTOTYPES = YES;
				CLANG_WARN_SUSPICIOUS_MOVE = YES;
				CLANG_WARN_UNGUARDED_AVAILABILITY = YES_AGGRESSIVE;
				CLANG_WARN_UNREACHABLE_CODE = YES;
				CLANG_WARN__DUPLICATE_METHOD_MATCH = YES;
				COPY_PHASE_STRIP = NO;
				DEBUG_INFORMATION_FORMAT = "dwarf-with-dsym";
				ENABLE_NS_ASSERTIONS = NO;
				ENABLE_STRICT_OBJC_MSGSEND = YES;
				GCC_C_LANGUAGE_STANDARD = gnu11;
				GCC_NO_COMMON_BLOCKS = YES;
				GCC_WARN_64_TO_32_BIT_CONVERSION = YES;
				GCC_WARN_ABOUT_RETURN_TYPE = YES_ERROR;
				GCC_WARN_UNDECLARED_SELECTOR = YES;
				GCC_WARN_UNINITIALIZED_AUTOS = YES_AGGRESSIVE;
				GCC_WARN_UNUSED_FUNCTION = YES;
				GCC_WARN_UNUSED_VARIABLE = YES;
				IPHONEOS_DEPLOYMENT_TARGET = 13.4;
				MTL_ENABLE_DEBUG_INFO = NO;
				MTL_FAST_MATH = YES;
				SDKROOT = iphoneos;
				SWIFT_COMPILATION_MODE = wholemodule;
				SWIFT_OPTIMIZATION_LEVEL = "-O";
				VALIDATE_PRODUCT = YES;
			};
			name = Release;
		};
		7060B0EF2474311D000DCE40 /* Debug */ = {
			isa = XCBuildConfiguration;
			buildSettings = {
				ASSETCATALOG_COMPILER_APPICON_NAME = AppIcon;
				CODE_SIGN_STYLE = Automatic;
				DEVELOPMENT_ASSET_PATHS = "\"weiboDemo/Preview Content\"";
				DEVELOPMENT_TEAM = GS6PH9CX4W;
				ENABLE_PREVIEWS = YES;
				INFOPLIST_FILE = weiboDemo/Info.plist;
				LD_RUNPATH_SEARCH_PATHS = (
					"$(inherited)",
					"@executable_path/Frameworks",
				);
				PRODUCT_BUNDLE_IDENTIFIER = com.wenshuo.weiboDemo;
				PRODUCT_NAME = "$(TARGET_NAME)";
				SWIFT_VERSION = 5.0;
				TARGETED_DEVICE_FAMILY = "1,2";
			};
			name = Debug;
		};
		7060B0F02474311D000DCE40 /* Release */ = {
			isa = XCBuildConfiguration;
			buildSettings = {
				ASSETCATALOG_COMPILER_APPICON_NAME = AppIcon;
				CODE_SIGN_STYLE = Automatic;
				DEVELOPMENT_ASSET_PATHS = "\"weiboDemo/Preview Content\"";
				DEVELOPMENT_TEAM = GS6PH9CX4W;
				ENABLE_PREVIEWS = YES;
				INFOPLIST_FILE = weiboDemo/Info.plist;
				LD_RUNPATH_SEARCH_PATHS = (
					"$(inherited)",
					"@executable_path/Frameworks",
				);
				PRODUCT_BUNDLE_IDENTIFIER = com.wenshuo.weiboDemo;
				PRODUCT_NAME = "$(TARGET_NAME)";
				SWIFT_VERSION = 5.0;
				TARGETED_DEVICE_FAMILY = "1,2";
			};
			name = Release;
		};
/* End XCBuildConfiguration section */

/* Begin XCConfigurationList section */
		7060B0D524743119000DCE40 /* Build configuration list for PBXProject "weiboDemo" */ = {
			isa = XCConfigurationList;
			buildConfigurations = (
				7060B0EC2474311D000DCE40 /* Debug */,
				7060B0ED2474311D000DCE40 /* Release */,
			);
			defaultConfigurationIsVisible = 0;
			defaultConfigurationName = Release;
		};
		7060B0EE2474311D000DCE40 /* Build configuration list for PBXNativeTarget "weiboDemo" */ = {
			isa = XCConfigurationList;
			buildConfigurations = (
				7060B0EF2474311D000DCE40 /* Debug */,
				7060B0F02474311D000DCE40 /* Release */,
			);
			defaultConfigurationIsVisible = 0;
			defaultConfigurationName = Release;
		};
/* End XCConfigurationList section */
	};
	rootObject = 7060B0D224743119000DCE40 /* Project object */;
}
